
Microsoft Visual Studio Solution File, Format Version 11.00
# Visual Studio 2010
Project("{FAE04EC0-301F-11D3-BF4B-00C04F79EFBC}") = "Unity.Timeline", "Unity.Timeline.csproj", "{7cc80f71-33f3-9377-3bef-15dc149efe11}"
EndProject
Project("{FAE04EC0-301F-11D3-BF4B-00C04F79EFBC}") = "Unity.2D.Aseprite.Editor", "Unity.2D.Aseprite.Editor.csproj", "{6e72affb-f0be-8d32-b22c-e3b3e87c0943}"
EndProject
Project("{FAE04EC0-301F-11D3-BF4B-00C04F79EFBC}") = "Unity.ShaderGraph.Editor", "Unity.ShaderGraph.Editor.csproj", "{0f766d61-e612-08be-f299-94326ef0a428}"
EndProject
Project("{FAE04EC0-301F-11D3-BF4B-00C04F79EFBC}") = "Unity.PlasticSCM.Editor", "Unity.PlasticSCM.Editor.csproj", "{b6381649-2593-8a05-6d7f-1a00580f9f41}"
EndProject
Project("{FAE04EC0-301F-11D3-BF4B-00C04F79EFBC}") = "Unity.RenderPipelines.Core.Runtime", "Unity.RenderPipelines.Core.Runtime.csproj", "{d7296156-36bb-a546-b649-9e4b50cfa846}"
EndProject
Project("{FAE04EC0-301F-11D3-BF4B-00C04F79EFBC}") = "Unity.Mathematics", "Unity.Mathematics.csproj", "{207407ea-7def-ab77-329e-09cbd8c93732}"
EndProject
Project("{FAE04EC0-301F-11D3-BF4B-00C04F79EFBC}") = "Unity.Timeline.Editor", "Unity.Timeline.Editor.csproj", "{e2bfed10-29fa-1111-7d5a-8d6213590a12}"
EndProject
Project("{FAE04EC0-301F-11D3-BF4B-00C04F79EFBC}") = "Unity.RenderPipelines.Core.Editor", "Unity.RenderPipelines.Core.Editor.csproj", "{40435c86-07f5-cb12-a3ab-da52220e4f48}"
EndProject
Project("{FAE04EC0-301F-11D3-BF4B-00C04F79EFBC}") = "Unity.2D.IK.Runtime", "Unity.2D.IK.Runtime.csproj", "{7d21030b-729a-1ef8-6e35-d3cb0f674342}"
EndProject
Project("{FAE04EC0-301F-11D3-BF4B-00C04F79EFBC}") = "UnityEngine.UI", "UnityEngine.UI.csproj", "{14044ffe-0c25-3272-6910-3ac05237b559}"
EndProject
Project("{FAE04EC0-301F-11D3-BF4B-00C04F79EFBC}") = "Unity.RenderPipelines.Universal.2D.Runtime", "Unity.RenderPipelines.Universal.2D.Runtime.csproj", "{894e361d-57ec-ad44-c4a2-93b72da763c5}"
EndProject
Project("{FAE04EC0-301F-11D3-BF4B-00C04F79EFBC}") = "Unity.2D.Psdimporter.Editor", "Unity.2D.Psdimporter.Editor.csproj", "{38fa04eb-47ef-923e-f3db-6467dc4e96a8}"
EndProject
Project("{FAE04EC0-301F-11D3-BF4B-00C04F79EFBC}") = "Unity.VisualScripting.Core.Editor", "Unity.VisualScripting.Core.Editor.csproj", "{6a1fde39-cc06-54b0-6036-9090f6fd24dc}"
EndProject
Project("{FAE04EC0-301F-11D3-BF4B-00C04F79EFBC}") = "Unity.RenderPipelines.Universal.Editor", "Unity.RenderPipelines.Universal.Editor.csproj", "{be2d871e-fae6-c44e-de2a-5906425e520a}"
EndProject
Project("{FAE04EC0-301F-11D3-BF4B-00C04F79EFBC}") = "UnityEngine.TestRunner", "UnityEngine.TestRunner.csproj", "{a6a8a008-2894-bfe4-0aa7-40f604c0a415}"
EndProject
Project("{FAE04EC0-301F-11D3-BF4B-00C04F79EFBC}") = "Unity.2D.Tilemap.Editor", "Unity.2D.Tilemap.Editor.csproj", "{2c769d68-c85e-61bd-2056-e5bdd1919e8c}"
EndProject
Project("{FAE04EC0-301F-11D3-BF4B-00C04F79EFBC}") = "Unity.Burst", "Unity.Burst.csproj", "{4dd7e8a5-686c-f06f-9ec9-3a3362d7773a}"
EndProject
Project("{FAE04EC0-301F-11D3-BF4B-00C04F79EFBC}") = "Unity.VisualScripting.Flow.Editor", "Unity.VisualScripting.Flow.Editor.csproj", "{c02a2a7e-d004-250c-f6f0-7d0baf757c59}"
EndProject
Project("{FAE04EC0-301F-11D3-BF4B-00C04F79EFBC}") = "Cinemachine", "Cinemachine.csproj", "{695e2e9c-a66f-1f0a-8dfa-ad0208243f63}"
EndProject
Project("{FAE04EC0-301F-11D3-BF4B-00C04F79EFBC}") = "Unity.Recorder.Editor", "Unity.Recorder.Editor.csproj", "{41746225-aa79-85ab-4e29-9bd28b9e6818}"
EndProject
Project("{FAE04EC0-301F-11D3-BF4B-00C04F79EFBC}") = "Unity.2D.SpriteShape.Editor", "Unity.2D.SpriteShape.Editor.csproj", "{9caa0cde-517e-d5bd-c544-2a2c3868bb7d}"
EndProject
Project("{FAE04EC0-301F-11D3-BF4B-00C04F79EFBC}") = "Unity.VisualStudio.Editor", "Unity.VisualStudio.Editor.csproj", "{2e9f7ae3-bf93-d5a0-59cc-95ae4b2422f1}"
EndProject
Project("{FAE04EC0-301F-11D3-BF4B-00C04F79EFBC}") = "Unity.InputSystem", "Unity.InputSystem.csproj", "{a88ad16d-ac08-fff5-a98a-69504d611ba8}"
EndProject
Project("{FAE04EC0-301F-11D3-BF4B-00C04F79EFBC}") = "PPv2URPConverters", "PPv2URPConverters.csproj", "{a06c57c4-ffb5-c146-f11b-7031f965f6b7}"
EndProject
Project("{FAE04EC0-301F-11D3-BF4B-00C04F79EFBC}") = "Unity.2D.Animation.Editor", "Unity.2D.Animation.Editor.csproj", "{30631368-8205-ab02-4af4-c4bbbadfcf9f}"
EndProject
Project("{FAE04EC0-301F-11D3-BF4B-00C04F79EFBC}") = "Unity.Searcher.Editor", "Unity.Searcher.Editor.csproj", "{bccee383-94e1-2741-d763-e3ed40ae81c0}"
EndProject
Project("{FAE04EC0-301F-11D3-BF4B-00C04F79EFBC}") = "Unity.2D.SpriteShape.Runtime", "Unity.2D.SpriteShape.Runtime.csproj", "{df5bbd7c-553d-b821-859e-8ef7c9ef2e1e}"
EndProject
Project("{FAE04EC0-301F-11D3-BF4B-00C04F79EFBC}") = "Unity.VisualScripting.Core", "Unity.VisualScripting.Core.csproj", "{79f012c5-f75c-102b-26ba-6d63dde14693}"
EndProject
Project("{FAE04EC0-301F-11D3-BF4B-00C04F79EFBC}") = "Unity.RenderPipelines.Universal.Runtime", "Unity.RenderPipelines.Universal.Runtime.csproj", "{afdec9f4-52f3-6cc9-f943-64a75185b704}"
EndProject
Project("{FAE04EC0-301F-11D3-BF4B-00C04F79EFBC}") = "Unity.Collections", "Unity.Collections.csproj", "{8cf1e434-38cd-d92b-a85c-84edba05831c}"
EndProject
Project("{FAE04EC0-301F-11D3-BF4B-00C04F79EFBC}") = "UnityEditor.TestRunner", "UnityEditor.TestRunner.csproj", "{8a192e3a-cb9c-e891-30eb-63f11bffbc89}"
EndProject
Project("{FAE04EC0-301F-11D3-BF4B-00C04F79EFBC}") = "Unity.VisualScripting.State.Editor", "Unity.VisualScripting.State.Editor.csproj", "{5c060564-ff75-2098-341e-baf97cb347c9}"
EndProject
Project("{FAE04EC0-301F-11D3-BF4B-00C04F79EFBC}") = "Autodesk.Fbx", "Autodesk.Fbx.csproj", "{82fc8186-96bd-4c20-6fc4-6509f2f5ced2}"
EndProject
Project("{FAE04EC0-301F-11D3-BF4B-00C04F79EFBC}") = "Unity.Burst.CodeGen", "Unity.Burst.CodeGen.csproj", "{cae2cf9f-7c4f-ce7b-027b-34263e02d7df}"
EndProject
Project("{FAE04EC0-301F-11D3-BF4B-00C04F79EFBC}") = "Unity.VisualScripting.Flow", "Unity.VisualScripting.Flow.csproj", "{683dbc83-da1c-b976-1c03-ed7c77b03f23}"
EndProject
Project("{FAE04EC0-301F-11D3-BF4B-00C04F79EFBC}") = "Unity.Rendering.LightTransport.Runtime", "Unity.Rendering.LightTransport.Runtime.csproj", "{59599090-fe6b-f17e-3511-fc2e8b8703b8}"
EndProject
Project("{FAE04EC0-301F-11D3-BF4B-00C04F79EFBC}") = "Unity.2D.Tilemap.Extras.Editor", "Unity.2D.Tilemap.Extras.Editor.csproj", "{20126a60-7b59-fc2f-436e-03b6d16b81eb}"
EndProject
Project("{FAE04EC0-301F-11D3-BF4B-00C04F79EFBC}") = "Unity.Formats.Alembic.Runtime", "Unity.Formats.Alembic.Runtime.csproj", "{6c507c68-8d33-0d50-8d8d-392fd07f6142}"
EndProject
Project("{FAE04EC0-301F-11D3-BF4B-00C04F79EFBC}") = "Unity.Sequences.Editor", "Unity.Sequences.Editor.csproj", "{80230f72-b74c-5472-c855-f82940a35754}"
EndProject
Project("{FAE04EC0-301F-11D3-BF4B-00C04F79EFBC}") = "Unity.TextMeshPro", "Unity.TextMeshPro.csproj", "{22e324d3-a4e3-e4f0-556c-300a8b4583c5}"
EndProject
Project("{FAE04EC0-301F-11D3-BF4B-00C04F79EFBC}") = "Unity.TextMeshPro.Editor", "Unity.TextMeshPro.Editor.csproj", "{adfea003-abf9-2ebd-d178-67226e956895}"
EndProject
Project("{FAE04EC0-301F-11D3-BF4B-00C04F79EFBC}") = "PsdPlugin", "PsdPlugin.csproj", "{25c20ab6-786e-5809-fb21-81810e99e8cd}"
EndProject
Project("{FAE04EC0-301F-11D3-BF4B-00C04F79EFBC}") = "Unity.2D.IK.Editor", "Unity.2D.IK.Editor.csproj", "{e2373f62-9e38-c812-0d9c-16b1a0fff4d0}"
EndProject
Project("{FAE04EC0-301F-11D3-BF4B-00C04F79EFBC}") = "Unity.Sequences", "Unity.Sequences.csproj", "{2745a454-dfa5-ae08-e43a-6006d163f71d}"
EndProject
Project("{FAE04EC0-301F-11D3-BF4B-00C04F79EFBC}") = "Unity.InternalAPIEngineBridge.001", "Unity.InternalAPIEngineBridge.001.csproj", "{54d821ba-3234-a45a-0e9f-1efdb7a3bb67}"
EndProject
Project("{FAE04EC0-301F-11D3-BF4B-00C04F79EFBC}") = "com.unity.cinemachine.editor", "com.unity.cinemachine.editor.csproj", "{6f1cbd13-0209-ea43-acba-c353d29c3c27}"
EndProject
Project("{FAE04EC0-301F-11D3-BF4B-00C04F79EFBC}") = "Unity.2D.Aseprite.Common", "Unity.2D.Aseprite.Common.csproj", "{cfddfbbd-293a-e41c-fdff-1c1a52f75994}"
EndProject
Project("{FAE04EC0-301F-11D3-BF4B-00C04F79EFBC}") = "Unity.Burst.Editor", "Unity.Burst.Editor.csproj", "{19e5bd58-6ba2-b159-fd83-98de50210f2f}"
EndProject
Project("{FAE04EC0-301F-11D3-BF4B-00C04F79EFBC}") = "Unity.2D.Common.Path.Editor", "Unity.2D.Common.Path.Editor.csproj", "{cf7dee48-1d20-c776-83f9-fce820ac9613}"
EndProject
Project("{FAE04EC0-301F-11D3-BF4B-00C04F79EFBC}") = "Unity.2D.Common.Editor", "Unity.2D.Common.Editor.csproj", "{3cd9f5dd-fadd-fcc7-4a59-bdd24189e90e}"
EndProject
Project("{FAE04EC0-301F-11D3-BF4B-00C04F79EFBC}") = "Unity.Rider.Editor", "Unity.Rider.Editor.csproj", "{000726f0-3e17-3a36-a133-25c3deb137db}"
EndProject
Project("{FAE04EC0-301F-11D3-BF4B-00C04F79EFBC}") = "Unity.VisualScripting.State", "Unity.VisualScripting.State.csproj", "{737e4d79-e382-e942-1738-c43a90693470}"
EndProject
Project("{FAE04EC0-301F-11D3-BF4B-00C04F79EFBC}") = "Unity.Formats.Fbx.Editor", "Unity.Formats.Fbx.Editor.csproj", "{a74e57e4-98ff-b8dd-2077-6925b34bcd15}"
EndProject
Project("{FAE04EC0-301F-11D3-BF4B-00C04F79EFBC}") = "UnityEditor.UI", "UnityEditor.UI.csproj", "{7e0306df-df01-1cdb-d48f-e90d8857ceb2}"
EndProject
Project("{FAE04EC0-301F-11D3-BF4B-00C04F79EFBC}") = "Unity.2D.PixelPerfect.Editor", "Unity.2D.PixelPerfect.Editor.csproj", "{59922517-945e-6b52-901c-b00488086d0d}"
EndProject
Project("{FAE04EC0-301F-11D3-BF4B-00C04F79EFBC}") = "Unity.2D.Sprite.Editor", "Unity.2D.Sprite.Editor.csproj", "{e02c7486-824c-ebb6-1971-13ea050b4b7f}"
EndProject
Project("{FAE04EC0-301F-11D3-BF4B-00C04F79EFBC}") = "Unity.Recorder", "Unity.Recorder.csproj", "{802a2ec9-1181-cadf-59cb-4d25acf6db9c}"
EndProject
Project("{FAE04EC0-301F-11D3-BF4B-00C04F79EFBC}") = "Unity.Formats.Alembic.Editor", "Unity.Formats.Alembic.Editor.csproj", "{ea07f8c6-2796-bc72-ca49-d086233db815}"
EndProject
Project("{FAE04EC0-301F-11D3-BF4B-00C04F79EFBC}") = "Unity.InputSystem.ForUI", "Unity.InputSystem.ForUI.csproj", "{37f86997-e098-4720-b7fb-c7fc85486d33}"
EndProject
Project("{FAE04EC0-301F-11D3-BF4B-00C04F79EFBC}") = "Unity.Collections.CodeGen", "Unity.Collections.CodeGen.csproj", "{d428a9b2-d9ca-2b46-b9e4-ab68a86fef8f}"
EndProject
Project("{FAE04EC0-301F-11D3-BF4B-00C04F79EFBC}") = "Unity.2D.Tilemap.Extras", "Unity.2D.Tilemap.Extras.csproj", "{ed72c1dc-8dbb-f680-4ff3-a5501dc3f6d5}"
EndProject
Project("{FAE04EC0-301F-11D3-BF4B-00C04F79EFBC}") = "Unity.2D.Animation.Runtime", "Unity.2D.Animation.Runtime.csproj", "{92b2e532-45c6-8b3a-be33-5f25fed2226a}"
EndProject
Project("{FAE04EC0-301F-11D3-BF4B-00C04F79EFBC}") = "Unity.Mathematics.Editor", "Unity.Mathematics.Editor.csproj", "{e746f1a2-38ee-219d-aa6f-773ea7c8fcb7}"
EndProject
Project("{FAE04EC0-301F-11D3-BF4B-00C04F79EFBC}") = "Unity.VisualScripting.SettingsProvider.Editor", "Unity.VisualScripting.SettingsProvider.Editor.csproj", "{d2d66653-fc8e-9821-0667-5a4cc0664b17}"
EndProject
Project("{FAE04EC0-301F-11D3-BF4B-00C04F79EFBC}") = "Unity.Settings.Editor", "Unity.Settings.Editor.csproj", "{4dcef1ad-34ea-7277-b8c9-d90d1899c5b4}"
EndProject
Project("{FAE04EC0-301F-11D3-BF4B-00C04F79EFBC}") = "Unity.InputSystem.TestFramework", "Unity.InputSystem.TestFramework.csproj", "{c3d86d7a-c74a-494d-e2b5-c41fa5011680}"
EndProject
Project("{FAE04EC0-301F-11D3-BF4B-00C04F79EFBC}") = "Unity.ShaderGraph.Utilities", "Unity.ShaderGraph.Utilities.csproj", "{30787744-ccf1-356f-585d-bde456f4e7a4}"
EndProject
Project("{FAE04EC0-301F-11D3-BF4B-00C04F79EFBC}") = "Unity.InternalAPIEditorBridge.005", "Unity.InternalAPIEditorBridge.005.csproj", "{5e94e001-1cf4-eb5b-5b4c-275af147db78}"
EndProject
Project("{FAE04EC0-301F-11D3-BF4B-00C04F79EFBC}") = "Unity.VisualScripting.Shared.Editor", "Unity.VisualScripting.Shared.Editor.csproj", "{d96e7997-b0bc-6b5e-5734-bbd796bd595d}"
EndProject
Project("{FAE04EC0-301F-11D3-BF4B-00C04F79EFBC}") = "Unity.Recorder.Base", "Unity.Recorder.Base.csproj", "{1fa10df2-d337-a21b-f2bf-cbdd8a492da6}"
EndProject
Project("{FAE04EC0-301F-11D3-BF4B-00C04F79EFBC}") = "Unity.InternalAPIEditorBridge.001", "Unity.InternalAPIEditorBridge.001.csproj", "{4dd58e8e-0c6e-e3f2-7a10-095182fd299b}"
EndProject
Project("{FAE04EC0-301F-11D3-BF4B-00C04F79EFBC}") = "Unity.Collections.DocCodeSamples", "Unity.Collections.DocCodeSamples.csproj", "{d0c11361-08e0-f75d-4629-75477344b603}"
EndProject
Project("{FAE04EC0-301F-11D3-BF4B-00C04F79EFBC}") = "Unity.RenderPipeline.Universal.ShaderLibrary", "Unity.RenderPipeline.Universal.ShaderLibrary.csproj", "{a9dfc34f-727e-f2d8-c32b-503f403a3971}"
EndProject
Project("{FAE04EC0-301F-11D3-BF4B-00C04F79EFBC}") = "Unity.2D.Common.Runtime", "Unity.2D.Common.Runtime.csproj", "{d26d43aa-a99c-b214-af36-5efe52e1715e}"
EndProject
Project("{FAE04EC0-301F-11D3-BF4B-00C04F79EFBC}") = "Unity.2D.PixelPerfect", "Unity.2D.PixelPerfect.csproj", "{5f81bb12-26c2-ee9a-676a-b95e2929da6a}"
EndProject
Project("{FAE04EC0-301F-11D3-BF4B-00C04F79EFBC}") = "Unity.CollabProxy.Editor", "Unity.CollabProxy.Editor.csproj", "{65f8f28a-2b55-c6dc-d1da-c273fb6ad49d}"
EndProject
Project("{FAE04EC0-301F-11D3-BF4B-00C04F79EFBC}") = "Unity.RenderPipelines.Universal.Shaders", "Unity.RenderPipelines.Universal.Shaders.csproj", "{3b5d8ceb-1ad0-b506-dc99-1b8985c0bb61}"
EndProject
Project("{FAE04EC0-301F-11D3-BF4B-00C04F79EFBC}") = "Assembly-CSharp", "Assembly-CSharp.csproj", "{feb46fda-e7e4-34ee-add9-f78ee13bba17}"
EndProject
Project("{FAE04EC0-301F-11D3-BF4B-00C04F79EFBC}") = "Unity.RenderPipelines.Core.Runtime.Shared", "Unity.RenderPipelines.Core.Runtime.Shared.csproj", "{9562e7e9-799b-5c38-6d05-732f60cabf6c}"
EndProject
Project("{FAE04EC0-301F-11D3-BF4B-00C04F79EFBC}") = "ScriptablePacker", "ScriptablePacker.csproj", "{b8886310-c7f3-9ba6-563e-bd88907b6c5c}"
EndProject
Project("{FAE04EC0-301F-11D3-BF4B-00C04F79EFBC}") = "Unity.Formats.Fbx.Runtime", "Unity.Formats.Fbx.Runtime.csproj", "{e211b7e7-9e28-9255-fb4b-26aa0031ac3a}"
EndProject
Project("{FAE04EC0-301F-11D3-BF4B-00C04F79EFBC}") = "Autodesk.Fbx.Editor", "Autodesk.Fbx.Editor.csproj", "{f6a224fe-c5bd-283b-ba12-fafb33b317dd}"
EndProject
Project("{FAE04EC0-301F-11D3-BF4B-00C04F79EFBC}") = "Unity.Rendering.LightTransport.Editor", "Unity.Rendering.LightTransport.Editor.csproj", "{1bfed765-4a64-c168-056b-9e55d2e97108}"
EndProject
Project("{FAE04EC0-301F-11D3-BF4B-00C04F79EFBC}") = "Unity.Collections.Editor", "Unity.Collections.Editor.csproj", "{f1eca7c9-c5d5-4715-8798-d514b01df595}"
EndProject
Project("{FAE04EC0-301F-11D3-BF4B-00C04F79EFBC}") = "Unity.Collections.BurstCompatibilityGen", "Unity.Collections.BurstCompatibilityGen.csproj", "{eaebcb33-ff3b-030b-d46f-d76470ff4fc5}"
EndProject
Project("{FAE04EC0-301F-11D3-BF4B-00C04F79EFBC}") = "Unity.RenderPipelines.ShaderGraph.ShaderGraphLibrary", "Unity.RenderPipelines.ShaderGraph.ShaderGraphLibrary.csproj", "{3e05d06c-63b0-e7ac-88ff-65a7033c668a}"
EndProject
Project("{FAE04EC0-301F-11D3-BF4B-00C04F79EFBC}") = "Unity.RenderPipelines.Core.ShaderLibrary", "Unity.RenderPipelines.Core.ShaderLibrary.csproj", "{d68e4b0a-e8b8-8440-0b63-b10abeb5a200}"
EndProject
Project("{FAE04EC0-301F-11D3-BF4B-00C04F79EFBC}") = "Autodesk.Fbx.BuildTestAssets", "Autodesk.Fbx.BuildTestAssets.csproj", "{945478d6-a908-8b26-4862-fd6ff7d6d784}"
EndProject
Project("{FAE04EC0-301F-11D3-BF4B-00C04F79EFBC}") = "Unity.RenderPipelines.Core.Editor.Shared", "Unity.RenderPipelines.Core.Editor.Shared.csproj", "{0b84fd00-ad36-6ea7-936e-f2668aa81d17}"
EndProject
Project("{FAE04EC0-301F-11D3-BF4B-00C04F79EFBC}") = "Unity.Timeline", "Unity.Timeline.Player.csproj", "{cee9eba2-bff3-5437-671c-45b47fc0f48d}"
EndProject
Project("{FAE04EC0-301F-11D3-BF4B-00C04F79EFBC}") = "Unity.RenderPipelines.Core.Runtime", "Unity.RenderPipelines.Core.Runtime.Player.csproj", "{46c77269-4d58-9762-f8ef-4b117243eee6}"
EndProject
Project("{FAE04EC0-301F-11D3-BF4B-00C04F79EFBC}") = "Unity.Mathematics", "Unity.Mathematics.Player.csproj", "{3f270540-2b70-5d33-05d1-3f0777f6c75a}"
EndProject
Project("{FAE04EC0-301F-11D3-BF4B-00C04F79EFBC}") = "Unity.2D.IK.Runtime", "Unity.2D.IK.Runtime.Player.csproj", "{e409c6a8-fd78-c588-6fde-e4754481af99}"
EndProject
Project("{FAE04EC0-301F-11D3-BF4B-00C04F79EFBC}") = "UnityEngine.UI", "UnityEngine.UI.Player.csproj", "{07491230-4e98-f973-a9d4-8dc78a7963ac}"
EndProject
Project("{FAE04EC0-301F-11D3-BF4B-00C04F79EFBC}") = "Unity.RenderPipelines.Universal.2D.Runtime", "Unity.RenderPipelines.Universal.2D.Runtime.Player.csproj", "{3b4ceaec-1156-2072-3767-c2072c46a492}"
EndProject
Project("{FAE04EC0-301F-11D3-BF4B-00C04F79EFBC}") = "UnityEngine.TestRunner", "UnityEngine.TestRunner.Player.csproj", "{7f525fd6-3d71-4d21-bf0b-91d0e6eb0e79}"
EndProject
Project("{FAE04EC0-301F-11D3-BF4B-00C04F79EFBC}") = "Unity.Burst", "Unity.Burst.Player.csproj", "{bf04e083-ec3e-d834-8c01-5e069a3fe0fc}"
EndProject
Project("{FAE04EC0-301F-11D3-BF4B-00C04F79EFBC}") = "Cinemachine", "Cinemachine.Player.csproj", "{349bfa66-a865-a8d1-be90-6ae96a2a02d7}"
EndProject
Project("{FAE04EC0-301F-11D3-BF4B-00C04F79EFBC}") = "Unity.InputSystem", "Unity.InputSystem.Player.csproj", "{3e30017e-d4df-fa22-a53a-0f7287f5b9b6}"
EndProject
Project("{FAE04EC0-301F-11D3-BF4B-00C04F79EFBC}") = "Unity.2D.SpriteShape.Runtime", "Unity.2D.SpriteShape.Runtime.Player.csproj", "{dafc686f-c46d-497c-3456-93af592cb0d6}"
EndProject
Project("{FAE04EC0-301F-11D3-BF4B-00C04F79EFBC}") = "Unity.VisualScripting.Core", "Unity.VisualScripting.Core.Player.csproj", "{da6bf5db-fb91-af12-ab88-8a27c8812036}"
EndProject
Project("{FAE04EC0-301F-11D3-BF4B-00C04F79EFBC}") = "Unity.RenderPipelines.Universal.Runtime", "Unity.RenderPipelines.Universal.Runtime.Player.csproj", "{f9ee1f6e-4e9e-d9dd-2147-0212960c073c}"
EndProject
Project("{FAE04EC0-301F-11D3-BF4B-00C04F79EFBC}") = "Unity.Collections", "Unity.Collections.Player.csproj", "{2cd347da-ff17-de86-9ec0-17486ec819c0}"
EndProject
Project("{FAE04EC0-301F-11D3-BF4B-00C04F79EFBC}") = "Autodesk.Fbx", "Autodesk.Fbx.Player.csproj", "{d8a59dfb-ab0b-a281-67c8-600e1af976bc}"
EndProject
Project("{FAE04EC0-301F-11D3-BF4B-00C04F79EFBC}") = "Unity.VisualScripting.Flow", "Unity.VisualScripting.Flow.Player.csproj", "{1837b489-f7dc-d3f5-96ce-1ec0fab8314b}"
EndProject
Project("{FAE04EC0-301F-11D3-BF4B-00C04F79EFBC}") = "Unity.Rendering.LightTransport.Runtime", "Unity.Rendering.LightTransport.Runtime.Player.csproj", "{c661cb14-2593-ac56-3186-fd5bf632e3e5}"
EndProject
Project("{FAE04EC0-301F-11D3-BF4B-00C04F79EFBC}") = "Unity.Formats.Alembic.Runtime", "Unity.Formats.Alembic.Runtime.Player.csproj", "{08261564-901c-8819-63ad-da652832ee34}"
EndProject
Project("{FAE04EC0-301F-11D3-BF4B-00C04F79EFBC}") = "Unity.TextMeshPro", "Unity.TextMeshPro.Player.csproj", "{bf8a6f62-6046-caad-f266-8eda7ac4fab2}"
EndProject
Project("{FAE04EC0-301F-11D3-BF4B-00C04F79EFBC}") = "Unity.Sequences", "Unity.Sequences.Player.csproj", "{10bb4693-3cba-21df-3f55-41c27fe9f350}"
EndProject
Project("{FAE04EC0-301F-11D3-BF4B-00C04F79EFBC}") = "Unity.InternalAPIEngineBridge.001", "Unity.InternalAPIEngineBridge.001.Player.csproj", "{c821559f-6a1a-df8a-a23d-7005750c48ec}"
EndProject
Project("{FAE04EC0-301F-11D3-BF4B-00C04F79EFBC}") = "Unity.VisualScripting.State", "Unity.VisualScripting.State.Player.csproj", "{3b6cf19d-4a0e-c709-6a92-2afda21e059e}"
EndProject
Project("{FAE04EC0-301F-11D3-BF4B-00C04F79EFBC}") = "Unity.Recorder", "Unity.Recorder.Player.csproj", "{2a2d94dd-3c97-8ae7-4db7-b282b378ff1f}"
EndProject
Project("{FAE04EC0-301F-11D3-BF4B-00C04F79EFBC}") = "Unity.InputSystem.ForUI", "Unity.InputSystem.ForUI.Player.csproj", "{937c23d1-13af-c19f-b087-f98db5e06b8e}"
EndProject
Project("{FAE04EC0-301F-11D3-BF4B-00C04F79EFBC}") = "Unity.2D.Tilemap.Extras", "Unity.2D.Tilemap.Extras.Player.csproj", "{09d1a770-2050-8faa-9163-9b5b2d0fcdfb}"
EndProject
Project("{FAE04EC0-301F-11D3-BF4B-00C04F79EFBC}") = "Unity.2D.Animation.Runtime", "Unity.2D.Animation.Runtime.Player.csproj", "{f1c1420a-036a-e627-8c87-005a98744cbc}"
EndProject
Project("{FAE04EC0-301F-11D3-BF4B-00C04F79EFBC}") = "Unity.InputSystem.TestFramework", "Unity.InputSystem.TestFramework.Player.csproj", "{0980775e-7910-b7af-c2e4-1f6dac726fd7}"
EndProject
Project("{FAE04EC0-301F-11D3-BF4B-00C04F79EFBC}") = "Unity.Recorder.Base", "Unity.Recorder.Base.Player.csproj", "{eb75e197-de69-08f4-7999-54858fc524ff}"
EndProject
Project("{FAE04EC0-301F-11D3-BF4B-00C04F79EFBC}") = "Unity.RenderPipeline.Universal.ShaderLibrary", "Unity.RenderPipeline.Universal.ShaderLibrary.Player.csproj", "{0314188c-6c27-0edd-fd38-d9c5296ad0a3}"
EndProject
Project("{FAE04EC0-301F-11D3-BF4B-00C04F79EFBC}") = "Unity.2D.Common.Runtime", "Unity.2D.Common.Runtime.Player.csproj", "{720ed8ec-2d51-0976-9893-4aada5cade00}"
EndProject
Project("{FAE04EC0-301F-11D3-BF4B-00C04F79EFBC}") = "Unity.2D.PixelPerfect", "Unity.2D.PixelPerfect.Player.csproj", "{e56c0404-23e8-1d0b-b89e-e29f53f63cba}"
EndProject
Project("{FAE04EC0-301F-11D3-BF4B-00C04F79EFBC}") = "Unity.RenderPipelines.Universal.Shaders", "Unity.RenderPipelines.Universal.Shaders.Player.csproj", "{78452652-3d6d-a252-6742-a7a959e7215e}"
EndProject
Project("{FAE04EC0-301F-11D3-BF4B-00C04F79EFBC}") = "Assembly-CSharp", "Assembly-CSharp.Player.csproj", "{86c524e8-4510-92f6-6578-405dbc5d09ac}"
EndProject
Project("{FAE04EC0-301F-11D3-BF4B-00C04F79EFBC}") = "Unity.RenderPipelines.Core.Runtime.Shared", "Unity.RenderPipelines.Core.Runtime.Shared.Player.csproj", "{d05ce7f3-bea6-b06b-d629-d4b7a22a04c4}"
EndProject
Project("{FAE04EC0-301F-11D3-BF4B-00C04F79EFBC}") = "Unity.Formats.Fbx.Runtime", "Unity.Formats.Fbx.Runtime.Player.csproj", "{dd8e57e8-3177-d602-eb50-140d941fdb39}"
EndProject
Project("{FAE04EC0-301F-11D3-BF4B-00C04F79EFBC}") = "Unity.RenderPipelines.ShaderGraph.ShaderGraphLibrary", "Unity.RenderPipelines.ShaderGraph.ShaderGraphLibrary.Player.csproj", "{737b13ca-f14e-d732-781e-2f2396de3753}"
EndProject
Project("{FAE04EC0-301F-11D3-BF4B-00C04F79EFBC}") = "Unity.RenderPipelines.Core.ShaderLibrary", "Unity.RenderPipelines.Core.ShaderLibrary.Player.csproj", "{9e8789f5-2c48-8b17-6308-40d1cee7ce2e}"
EndProject
Project("{FAE04EC0-301F-11D3-BF4B-00C04F79EFBC}") = "Autodesk.Fbx.BuildTestAssets", "Autodesk.Fbx.BuildTestAssets.Player.csproj", "{c75d7e98-63a2-9686-796d-d103294fcb64}"
EndProject
Project("{FAE04EC0-301F-11D3-BF4B-00C04F79EFBC}") = "Assembly-CSharp-Editor", "Assembly-CSharp-Editor.csproj", "{e3628408-fda1-c03d-008f-7a7acd1b94ce}"
EndProject
Project("{FAE04EC0-301F-11D3-BF4B-00C04F79EFBC}") = "Unity.Mathematics.Tests", "Unity.Mathematics.Tests.csproj", "{918cf626-c08d-560e-1e2b-830fb85e074f}"
EndProject
Project("{FAE04EC0-301F-11D3-BF4B-00C04F79EFBC}") = "Unity.2D.Aseprite.EditorTests", "Unity.2D.Aseprite.EditorTests.csproj", "{5c5149a9-1250-9edf-2669-a72ee0f9306e}"
EndProject
Project("{FAE04EC0-301F-11D3-BF4B-00C04F79EFBC}") = "Unity.RenderPipelines.Core.Editor.Tests", "Unity.RenderPipelines.Core.Editor.Tests.csproj", "{67abddd7-83d1-b234-91fd-6a8e8a7fd176}"
EndProject
Project("{FAE04EC0-301F-11D3-BF4B-00C04F79EFBC}") = "Unity.2D.Sprite.Package.EditorTests", "Unity.2D.Sprite.Package.EditorTests.csproj", "{da0ac686-b512-f44b-2b2a-3040587fa1cf}"
EndProject
Project("{FAE04EC0-301F-11D3-BF4B-00C04F79EFBC}") = "Unity.Burst.Tests.UnitTests", "Unity.Burst.Tests.UnitTests.csproj", "{d8127534-6f6a-2495-f33b-507f38dba30a}"
EndProject
Project("{FAE04EC0-301F-11D3-BF4B-00C04F79EFBC}") = "Unity.LightTransport.Editor.Tests", "Unity.LightTransport.Editor.Tests.csproj", "{d343b6ea-7805-0b71-980c-3b92d93ac309}"
EndProject
Project("{FAE04EC0-301F-11D3-BF4B-00C04F79EFBC}") = "Unity.2D.PixelPerfect.EditorTests", "Unity.2D.PixelPerfect.EditorTests.csproj", "{50e2fdf0-e82e-52f4-0217-82f064e42fcb}"
EndProject
Project("{FAE04EC0-301F-11D3-BF4B-00C04F79EFBC}") = "Autodesk.Fbx.PlayModeTests", "Autodesk.Fbx.PlayModeTests.csproj", "{c4c388cd-720e-457c-4ba6-a65c2180f9b1}"
EndProject
Project("{FAE04EC0-301F-11D3-BF4B-00C04F79EFBC}") = "Unity.2D.SpriteShape.EditorTests", "Unity.2D.SpriteShape.EditorTests.csproj", "{d1858840-34af-0cdd-991e-fe82dc859efa}"
EndProject
Project("{FAE04EC0-301F-11D3-BF4B-00C04F79EFBC}") = "Unity.2D.Common.EditorTests", "Unity.2D.Common.EditorTests.csproj", "{583aa5a6-353a-e6a3-50f3-3b9346745afb}"
EndProject
Project("{FAE04EC0-301F-11D3-BF4B-00C04F79EFBC}") = "Unity.Searcher.EditorTests", "Unity.Searcher.EditorTests.csproj", "{73427f19-7d2c-3799-e328-aaffde48f619}"
EndProject
Project("{FAE04EC0-301F-11D3-BF4B-00C04F79EFBC}") = "Unity.Burst.Editor.Tests", "Unity.Burst.Editor.Tests.csproj", "{61c15d22-eeff-2d0c-1b5e-b1a4642ebd27}"
EndProject
Project("{FAE04EC0-301F-11D3-BF4B-00C04F79EFBC}") = "Unity.TextMeshPro.Editor.Tests", "Unity.TextMeshPro.Editor.Tests.csproj", "{7c8fb658-afce-3fbb-c379-daa6d0852eee}"
EndProject
Project("{FAE04EC0-301F-11D3-BF4B-00C04F79EFBC}") = "DocCodeExamples", "DocCodeExamples.csproj", "{20719f5d-ee55-5743-beb2-0c9a159fdd0a}"
EndProject
Project("{FAE04EC0-301F-11D3-BF4B-00C04F79EFBC}") = "Cinemachine.Editor.Tests", "Cinemachine.Editor.Tests.csproj", "{b1738d10-cd13-3bf0-f389-df3b9a1c7bf9}"
EndProject
Project("{FAE04EC0-301F-11D3-BF4B-00C04F79EFBC}") = "Unity.RenderPipelines.Universal.Editor.Tests", "Unity.RenderPipelines.Universal.Editor.Tests.csproj", "{738476f7-9f5a-5cc8-5ad2-9c6fdad4b3eb}"
EndProject
Project("{FAE04EC0-301F-11D3-BF4B-00C04F79EFBC}") = "Unity.Collections.Tests", "Unity.Collections.Tests.csproj", "{e1dbedbf-4c0a-3499-577e-69c74f3a5de4}"
EndProject
Project("{FAE04EC0-301F-11D3-BF4B-00C04F79EFBC}") = "Unity.RenderPipelines.Core.Runtime.Tests", "Unity.RenderPipelines.Core.Runtime.Tests.csproj", "{4836a393-0026-da5e-824a-15a83bfce90e}"
EndProject
Project("{FAE04EC0-301F-11D3-BF4B-00C04F79EFBC}") = "Unity.2D.Psdimporter.EditorTests", "Unity.2D.Psdimporter.EditorTests.csproj", "{bceb2029-f760-e7b2-1fb2-447c0213cc3b}"
EndProject
Project("{FAE04EC0-301F-11D3-BF4B-00C04F79EFBC}") = "Unity.Settings.Tests", "Unity.Settings.Tests.csproj", "{83e30e95-098c-ae77-e8cd-bbe926ac9a3a}"
EndProject
Project("{FAE04EC0-301F-11D3-BF4B-00C04F79EFBC}") = "UnityEngine.UI.Tests", "UnityEngine.UI.Tests.csproj", "{e9463735-b05e-51c8-ba5f-36291834c290}"
EndProject
Project("{FAE04EC0-301F-11D3-BF4B-00C04F79EFBC}") = "Unity.InputSystem.IntegrationTests", "Unity.InputSystem.IntegrationTests.csproj", "{aa7e42d8-5efe-ad98-920a-a0846518be9e}"
EndProject
Project("{FAE04EC0-301F-11D3-BF4B-00C04F79EFBC}") = "Autodesk.Fbx.BuildTests", "Autodesk.Fbx.BuildTests.csproj", "{e4909d94-0523-966e-a774-25b26f551aa7}"
EndProject
Project("{FAE04EC0-301F-11D3-BF4B-00C04F79EFBC}") = "Unity.Collections.Tests.Playmode", "Unity.Collections.Tests.Playmode.csproj", "{e34d0f8d-2f86-418b-f519-d02c7ddfa3c9}"
EndProject
Project("{FAE04EC0-301F-11D3-BF4B-00C04F79EFBC}") = "Unity.Nuget.Mono-Cecil", "Unity.Nuget.Mono-Cecil.csproj", "{7b2ab481-2f01-013a-23d8-d46d0026683a}"
EndProject
Project("{FAE04EC0-301F-11D3-BF4B-00C04F79EFBC}") = "Unity.2D.Animation.EditorTests", "Unity.2D.Animation.EditorTests.csproj", "{ea4350fe-2192-c057-2298-6a44f9940fb8}"
EndProject
Project("{FAE04EC0-301F-11D3-BF4B-00C04F79EFBC}") = "Cinemachine.Runtime.Tests", "Cinemachine.Runtime.Tests.csproj", "{133c6e4e-ac05-5f10-4ab6-67c39584b435}"
EndProject
Project("{FAE04EC0-301F-11D3-BF4B-00C04F79EFBC}") = "Unity.TextMeshPro.Tests", "Unity.TextMeshPro.Tests.csproj", "{205210c4-26c7-c32c-f1be-0b21c0449392}"
EndProject
Project("{FAE04EC0-301F-11D3-BF4B-00C04F79EFBC}") = "Autodesk.Fbx.UnitTests", "Autodesk.Fbx.UnitTests.csproj", "{c6de22d5-551e-2d3e-8d72-6f992cf09d67}"
EndProject
Project("{FAE04EC0-301F-11D3-BF4B-00C04F79EFBC}") = "SeparateAssembly", "SeparateAssembly.csproj", "{2af7ba71-72e3-a7d3-133f-762b6ca395b6}"
EndProject
Project("{FAE04EC0-301F-11D3-BF4B-00C04F79EFBC}") = "UnityEditor.UI.EditorTests", "UnityEditor.UI.EditorTests.csproj", "{005f62db-ccc5-574a-640c-61ee98f5434b}"
EndProject
Project("{FAE04EC0-301F-11D3-BF4B-00C04F79EFBC}") = "Unity.2D.Tilemap.Package.EditorTests", "Unity.2D.Tilemap.Package.EditorTests.csproj", "{e19abbf4-a952-716f-4bd0-53a309571dd7}"
EndProject
Project("{FAE04EC0-301F-11D3-BF4B-00C04F79EFBC}") = "Unity.RenderPipelines.Universal.Runtime.Tests", "Unity.RenderPipelines.Universal.Runtime.Tests.csproj", "{b16bd743-5741-ae6f-a316-b1bce5e57c97}"
EndProject
Project("{FAE04EC0-301F-11D3-BF4B-00C04F79EFBC}") = "Unity.2D.Tilemap.Extras.Placeholder.EditorTests", "Unity.2D.Tilemap.Extras.Placeholder.EditorTests.csproj", "{b0a0323f-7320-4add-f6c9-5af23bbf9a2c}"
EndProject
Project("{FAE04EC0-301F-11D3-BF4B-00C04F79EFBC}") = "Autodesk.Fbx.UseCaseTests", "Autodesk.Fbx.UseCaseTests.csproj", "{2e62c8af-3872-98a2-1014-24ec22570cd2}"
EndProject
Project("{FAE04EC0-301F-11D3-BF4B-00C04F79EFBC}") = "OverloadedFunctionPointers", "OverloadedFunctionPointers.csproj", "{2ac2af93-ec0a-4160-696b-0af2ecf3e693}"
EndProject
Project("{FAE04EC0-301F-11D3-BF4B-00C04F79EFBC}") = "Unity.ShaderGraph.Editor.Tests", "Unity.ShaderGraph.Editor.Tests.csproj", "{1dbf5cc7-1a96-73e3-107f-1903a2a5396e}"
EndProject
Global
	GlobalSection(SolutionConfigurationPlatforms) = preSolution
		Debug|Any CPU = Debug|Any CPU
	EndGlobalSection
	GlobalSection(ProjectConfigurationPlatforms) = postSolution
		{7cc80f71-33f3-9377-3bef-15dc149efe11}.Debug|Any CPU.ActiveCfg = Debug|Any CPU
		{7cc80f71-33f3-9377-3bef-15dc149efe11}.Debug|Any CPU.Build.0 = Debug|Any CPU
		{6e72affb-f0be-8d32-b22c-e3b3e87c0943}.Debug|Any CPU.ActiveCfg = Debug|Any CPU
		{6e72affb-f0be-8d32-b22c-e3b3e87c0943}.Debug|Any CPU.Build.0 = Debug|Any CPU
		{0f766d61-e612-08be-f299-94326ef0a428}.Debug|Any CPU.ActiveCfg = Debug|Any CPU
		{0f766d61-e612-08be-f299-94326ef0a428}.Debug|Any CPU.Build.0 = Debug|Any CPU
		{b6381649-2593-8a05-6d7f-1a00580f9f41}.Debug|Any CPU.ActiveCfg = Debug|Any CPU
		{b6381649-2593-8a05-6d7f-1a00580f9f41}.Debug|Any CPU.Build.0 = Debug|Any CPU
		{d7296156-36bb-a546-b649-9e4b50cfa846}.Debug|Any CPU.ActiveCfg = Debug|Any CPU
		{d7296156-36bb-a546-b649-9e4b50cfa846}.Debug|Any CPU.Build.0 = Debug|Any CPU
		{207407ea-7def-ab77-329e-09cbd8c93732}.Debug|Any CPU.ActiveCfg = Debug|Any CPU
		{207407ea-7def-ab77-329e-09cbd8c93732}.Debug|Any CPU.Build.0 = Debug|Any CPU
		{e2bfed10-29fa-1111-7d5a-8d6213590a12}.Debug|Any CPU.ActiveCfg = Debug|Any CPU
		{e2bfed10-29fa-1111-7d5a-8d6213590a12}.Debug|Any CPU.Build.0 = Debug|Any CPU
		{40435c86-07f5-cb12-a3ab-da52220e4f48}.Debug|Any CPU.ActiveCfg = Debug|Any CPU
		{40435c86-07f5-cb12-a3ab-da52220e4f48}.Debug|Any CPU.Build.0 = Debug|Any CPU
		{7d21030b-729a-1ef8-6e35-d3cb0f674342}.Debug|Any CPU.ActiveCfg = Debug|Any CPU
		{7d21030b-729a-1ef8-6e35-d3cb0f674342}.Debug|Any CPU.Build.0 = Debug|Any CPU
		{14044ffe-0c25-3272-6910-3ac05237b559}.Debug|Any CPU.ActiveCfg = Debug|Any CPU
		{14044ffe-0c25-3272-6910-3ac05237b559}.Debug|Any CPU.Build.0 = Debug|Any CPU
		{894e361d-57ec-ad44-c4a2-93b72da763c5}.Debug|Any CPU.ActiveCfg = Debug|Any CPU
		{894e361d-57ec-ad44-c4a2-93b72da763c5}.Debug|Any CPU.Build.0 = Debug|Any CPU
		{38fa04eb-47ef-923e-f3db-6467dc4e96a8}.Debug|Any CPU.ActiveCfg = Debug|Any CPU
		{38fa04eb-47ef-923e-f3db-6467dc4e96a8}.Debug|Any CPU.Build.0 = Debug|Any CPU
		{6a1fde39-cc06-54b0-6036-9090f6fd24dc}.Debug|Any CPU.ActiveCfg = Debug|Any CPU
		{6a1fde39-cc06-54b0-6036-9090f6fd24dc}.Debug|Any CPU.Build.0 = Debug|Any CPU
		{be2d871e-fae6-c44e-de2a-5906425e520a}.Debug|Any CPU.ActiveCfg = Debug|Any CPU
		{be2d871e-fae6-c44e-de2a-5906425e520a}.Debug|Any CPU.Build.0 = Debug|Any CPU
		{a6a8a008-2894-bfe4-0aa7-40f604c0a415}.Debug|Any CPU.ActiveCfg = Debug|Any CPU
		{a6a8a008-2894-bfe4-0aa7-40f604c0a415}.Debug|Any CPU.Build.0 = Debug|Any CPU
		{2c769d68-c85e-61bd-2056-e5bdd1919e8c}.Debug|Any CPU.ActiveCfg = Debug|Any CPU
		{2c769d68-c85e-61bd-2056-e5bdd1919e8c}.Debug|Any CPU.Build.0 = Debug|Any CPU
		{4dd7e8a5-686c-f06f-9ec9-3a3362d7773a}.Debug|Any CPU.ActiveCfg = Debug|Any CPU
		{4dd7e8a5-686c-f06f-9ec9-3a3362d7773a}.Debug|Any CPU.Build.0 = Debug|Any CPU
		{c02a2a7e-d004-250c-f6f0-7d0baf757c59}.Debug|Any CPU.ActiveCfg = Debug|Any CPU
		{c02a2a7e-d004-250c-f6f0-7d0baf757c59}.Debug|Any CPU.Build.0 = Debug|Any CPU
		{695e2e9c-a66f-1f0a-8dfa-ad0208243f63}.Debug|Any CPU.ActiveCfg = Debug|Any CPU
		{695e2e9c-a66f-1f0a-8dfa-ad0208243f63}.Debug|Any CPU.Build.0 = Debug|Any CPU
		{41746225-aa79-85ab-4e29-9bd28b9e6818}.Debug|Any CPU.ActiveCfg = Debug|Any CPU
		{41746225-aa79-85ab-4e29-9bd28b9e6818}.Debug|Any CPU.Build.0 = Debug|Any CPU
		{9caa0cde-517e-d5bd-c544-2a2c3868bb7d}.Debug|Any CPU.ActiveCfg = Debug|Any CPU
		{9caa0cde-517e-d5bd-c544-2a2c3868bb7d}.Debug|Any CPU.Build.0 = Debug|Any CPU
		{2e9f7ae3-bf93-d5a0-59cc-95ae4b2422f1}.Debug|Any CPU.ActiveCfg = Debug|Any CPU
		{2e9f7ae3-bf93-d5a0-59cc-95ae4b2422f1}.Debug|Any CPU.Build.0 = Debug|Any CPU
		{a88ad16d-ac08-fff5-a98a-69504d611ba8}.Debug|Any CPU.ActiveCfg = Debug|Any CPU
		{a88ad16d-ac08-fff5-a98a-69504d611ba8}.Debug|Any CPU.Build.0 = Debug|Any CPU
		{a06c57c4-ffb5-c146-f11b-7031f965f6b7}.Debug|Any CPU.ActiveCfg = Debug|Any CPU
		{a06c57c4-ffb5-c146-f11b-7031f965f6b7}.Debug|Any CPU.Build.0 = Debug|Any CPU
		{30631368-8205-ab02-4af4-c4bbbadfcf9f}.Debug|Any CPU.ActiveCfg = Debug|Any CPU
		{30631368-8205-ab02-4af4-c4bbbadfcf9f}.Debug|Any CPU.Build.0 = Debug|Any CPU
		{bccee383-94e1-2741-d763-e3ed40ae81c0}.Debug|Any CPU.ActiveCfg = Debug|Any CPU
		{bccee383-94e1-2741-d763-e3ed40ae81c0}.Debug|Any CPU.Build.0 = Debug|Any CPU
		{df5bbd7c-553d-b821-859e-8ef7c9ef2e1e}.Debug|Any CPU.ActiveCfg = Debug|Any CPU
		{df5bbd7c-553d-b821-859e-8ef7c9ef2e1e}.Debug|Any CPU.Build.0 = Debug|Any CPU
		{79f012c5-f75c-102b-26ba-6d63dde14693}.Debug|Any CPU.ActiveCfg = Debug|Any CPU
		{79f012c5-f75c-102b-26ba-6d63dde14693}.Debug|Any CPU.Build.0 = Debug|Any CPU
		{afdec9f4-52f3-6cc9-f943-64a75185b704}.Debug|Any CPU.ActiveCfg = Debug|Any CPU
		{afdec9f4-52f3-6cc9-f943-64a75185b704}.Debug|Any CPU.Build.0 = Debug|Any CPU
		{8cf1e434-38cd-d92b-a85c-84edba05831c}.Debug|Any CPU.ActiveCfg = Debug|Any CPU
		{8cf1e434-38cd-d92b-a85c-84edba05831c}.Debug|Any CPU.Build.0 = Debug|Any CPU
		{8a192e3a-cb9c-e891-30eb-63f11bffbc89}.Debug|Any CPU.ActiveCfg = Debug|Any CPU
		{8a192e3a-cb9c-e891-30eb-63f11bffbc89}.Debug|Any CPU.Build.0 = Debug|Any CPU
		{5c060564-ff75-2098-341e-baf97cb347c9}.Debug|Any CPU.ActiveCfg = Debug|Any CPU
		{5c060564-ff75-2098-341e-baf97cb347c9}.Debug|Any CPU.Build.0 = Debug|Any CPU
		{82fc8186-96bd-4c20-6fc4-6509f2f5ced2}.Debug|Any CPU.ActiveCfg = Debug|Any CPU
		{82fc8186-96bd-4c20-6fc4-6509f2f5ced2}.Debug|Any CPU.Build.0 = Debug|Any CPU
		{cae2cf9f-7c4f-ce7b-027b-34263e02d7df}.Debug|Any CPU.ActiveCfg = Debug|Any CPU
		{cae2cf9f-7c4f-ce7b-027b-34263e02d7df}.Debug|Any CPU.Build.0 = Debug|Any CPU
		{683dbc83-da1c-b976-1c03-ed7c77b03f23}.Debug|Any CPU.ActiveCfg = Debug|Any CPU
		{683dbc83-da1c-b976-1c03-ed7c77b03f23}.Debug|Any CPU.Build.0 = Debug|Any CPU
		{59599090-fe6b-f17e-3511-fc2e8b8703b8}.Debug|Any CPU.ActiveCfg = Debug|Any CPU
		{59599090-fe6b-f17e-3511-fc2e8b8703b8}.Debug|Any CPU.Build.0 = Debug|Any CPU
		{20126a60-7b59-fc2f-436e-03b6d16b81eb}.Debug|Any CPU.ActiveCfg = Debug|Any CPU
		{20126a60-7b59-fc2f-436e-03b6d16b81eb}.Debug|Any CPU.Build.0 = Debug|Any CPU
		{6c507c68-8d33-0d50-8d8d-392fd07f6142}.Debug|Any CPU.ActiveCfg = Debug|Any CPU
		{6c507c68-8d33-0d50-8d8d-392fd07f6142}.Debug|Any CPU.Build.0 = Debug|Any CPU
		{80230f72-b74c-5472-c855-f82940a35754}.Debug|Any CPU.ActiveCfg = Debug|Any CPU
		{80230f72-b74c-5472-c855-f82940a35754}.Debug|Any CPU.Build.0 = Debug|Any CPU
		{22e324d3-a4e3-e4f0-556c-300a8b4583c5}.Debug|Any CPU.ActiveCfg = Debug|Any CPU
		{22e324d3-a4e3-e4f0-556c-300a8b4583c5}.Debug|Any CPU.Build.0 = Debug|Any CPU
		{adfea003-abf9-2ebd-d178-67226e956895}.Debug|Any CPU.ActiveCfg = Debug|Any CPU
		{adfea003-abf9-2ebd-d178-67226e956895}.Debug|Any CPU.Build.0 = Debug|Any CPU
		{25c20ab6-786e-5809-fb21-81810e99e8cd}.Debug|Any CPU.ActiveCfg = Debug|Any CPU
		{25c20ab6-786e-5809-fb21-81810e99e8cd}.Debug|Any CPU.Build.0 = Debug|Any CPU
		{e2373f62-9e38-c812-0d9c-16b1a0fff4d0}.Debug|Any CPU.ActiveCfg = Debug|Any CPU
		{e2373f62-9e38-c812-0d9c-16b1a0fff4d0}.Debug|Any CPU.Build.0 = Debug|Any CPU
		{2745a454-dfa5-ae08-e43a-6006d163f71d}.Debug|Any CPU.ActiveCfg = Debug|Any CPU
		{2745a454-dfa5-ae08-e43a-6006d163f71d}.Debug|Any CPU.Build.0 = Debug|Any CPU
		{54d821ba-3234-a45a-0e9f-1efdb7a3bb67}.Debug|Any CPU.ActiveCfg = Debug|Any CPU
		{54d821ba-3234-a45a-0e9f-1efdb7a3bb67}.Debug|Any CPU.Build.0 = Debug|Any CPU
		{6f1cbd13-0209-ea43-acba-c353d29c3c27}.Debug|Any CPU.ActiveCfg = Debug|Any CPU
		{6f1cbd13-0209-ea43-acba-c353d29c3c27}.Debug|Any CPU.Build.0 = Debug|Any CPU
		{cfddfbbd-293a-e41c-fdff-1c1a52f75994}.Debug|Any CPU.ActiveCfg = Debug|Any CPU
		{cfddfbbd-293a-e41c-fdff-1c1a52f75994}.Debug|Any CPU.Build.0 = Debug|Any CPU
		{19e5bd58-6ba2-b159-fd83-98de50210f2f}.Debug|Any CPU.ActiveCfg = Debug|Any CPU
		{19e5bd58-6ba2-b159-fd83-98de50210f2f}.Debug|Any CPU.Build.0 = Debug|Any CPU
		{cf7dee48-1d20-c776-83f9-fce820ac9613}.Debug|Any CPU.ActiveCfg = Debug|Any CPU
		{cf7dee48-1d20-c776-83f9-fce820ac9613}.Debug|Any CPU.Build.0 = Debug|Any CPU
		{3cd9f5dd-fadd-fcc7-4a59-bdd24189e90e}.Debug|Any CPU.ActiveCfg = Debug|Any CPU
		{3cd9f5dd-fadd-fcc7-4a59-bdd24189e90e}.Debug|Any CPU.Build.0 = Debug|Any CPU
		{000726f0-3e17-3a36-a133-25c3deb137db}.Debug|Any CPU.ActiveCfg = Debug|Any CPU
		{000726f0-3e17-3a36-a133-25c3deb137db}.Debug|Any CPU.Build.0 = Debug|Any CPU
		{737e4d79-e382-e942-1738-c43a90693470}.Debug|Any CPU.ActiveCfg = Debug|Any CPU
		{737e4d79-e382-e942-1738-c43a90693470}.Debug|Any CPU.Build.0 = Debug|Any CPU
		{a74e57e4-98ff-b8dd-2077-6925b34bcd15}.Debug|Any CPU.ActiveCfg = Debug|Any CPU
		{a74e57e4-98ff-b8dd-2077-6925b34bcd15}.Debug|Any CPU.Build.0 = Debug|Any CPU
		{7e0306df-df01-1cdb-d48f-e90d8857ceb2}.Debug|Any CPU.ActiveCfg = Debug|Any CPU
		{7e0306df-df01-1cdb-d48f-e90d8857ceb2}.Debug|Any CPU.Build.0 = Debug|Any CPU
		{59922517-945e-6b52-901c-b00488086d0d}.Debug|Any CPU.ActiveCfg = Debug|Any CPU
		{59922517-945e-6b52-901c-b00488086d0d}.Debug|Any CPU.Build.0 = Debug|Any CPU
		{e02c7486-824c-ebb6-1971-13ea050b4b7f}.Debug|Any CPU.ActiveCfg = Debug|Any CPU
		{e02c7486-824c-ebb6-1971-13ea050b4b7f}.Debug|Any CPU.Build.0 = Debug|Any CPU
		{802a2ec9-1181-cadf-59cb-4d25acf6db9c}.Debug|Any CPU.ActiveCfg = Debug|Any CPU
		{802a2ec9-1181-cadf-59cb-4d25acf6db9c}.Debug|Any CPU.Build.0 = Debug|Any CPU
		{ea07f8c6-2796-bc72-ca49-d086233db815}.Debug|Any CPU.ActiveCfg = Debug|Any CPU
		{ea07f8c6-2796-bc72-ca49-d086233db815}.Debug|Any CPU.Build.0 = Debug|Any CPU
		{37f86997-e098-4720-b7fb-c7fc85486d33}.Debug|Any CPU.ActiveCfg = Debug|Any CPU
		{37f86997-e098-4720-b7fb-c7fc85486d33}.Debug|Any CPU.Build.0 = Debug|Any CPU
		{d428a9b2-d9ca-2b46-b9e4-ab68a86fef8f}.Debug|Any CPU.ActiveCfg = Debug|Any CPU
		{d428a9b2-d9ca-2b46-b9e4-ab68a86fef8f}.Debug|Any CPU.Build.0 = Debug|Any CPU
		{ed72c1dc-8dbb-f680-4ff3-a5501dc3f6d5}.Debug|Any CPU.ActiveCfg = Debug|Any CPU
		{ed72c1dc-8dbb-f680-4ff3-a5501dc3f6d5}.Debug|Any CPU.Build.0 = Debug|Any CPU
		{92b2e532-45c6-8b3a-be33-5f25fed2226a}.Debug|Any CPU.ActiveCfg = Debug|Any CPU
		{92b2e532-45c6-8b3a-be33-5f25fed2226a}.Debug|Any CPU.Build.0 = Debug|Any CPU
		{e746f1a2-38ee-219d-aa6f-773ea7c8fcb7}.Debug|Any CPU.ActiveCfg = Debug|Any CPU
		{e746f1a2-38ee-219d-aa6f-773ea7c8fcb7}.Debug|Any CPU.Build.0 = Debug|Any CPU
		{d2d66653-fc8e-9821-0667-5a4cc0664b17}.Debug|Any CPU.ActiveCfg = Debug|Any CPU
		{d2d66653-fc8e-9821-0667-5a4cc0664b17}.Debug|Any CPU.Build.0 = Debug|Any CPU
		{4dcef1ad-34ea-7277-b8c9-d90d1899c5b4}.Debug|Any CPU.ActiveCfg = Debug|Any CPU
		{4dcef1ad-34ea-7277-b8c9-d90d1899c5b4}.Debug|Any CPU.Build.0 = Debug|Any CPU
		{c3d86d7a-c74a-494d-e2b5-c41fa5011680}.Debug|Any CPU.ActiveCfg = Debug|Any CPU
		{c3d86d7a-c74a-494d-e2b5-c41fa5011680}.Debug|Any CPU.Build.0 = Debug|Any CPU
		{30787744-ccf1-356f-585d-bde456f4e7a4}.Debug|Any CPU.ActiveCfg = Debug|Any CPU
		{30787744-ccf1-356f-585d-bde456f4e7a4}.Debug|Any CPU.Build.0 = Debug|Any CPU
		{5e94e001-1cf4-eb5b-5b4c-275af147db78}.Debug|Any CPU.ActiveCfg = Debug|Any CPU
		{5e94e001-1cf4-eb5b-5b4c-275af147db78}.Debug|Any CPU.Build.0 = Debug|Any CPU
		{d96e7997-b0bc-6b5e-5734-bbd796bd595d}.Debug|Any CPU.ActiveCfg = Debug|Any CPU
		{d96e7997-b0bc-6b5e-5734-bbd796bd595d}.Debug|Any CPU.Build.0 = Debug|Any CPU
		{1fa10df2-d337-a21b-f2bf-cbdd8a492da6}.Debug|Any CPU.ActiveCfg = Debug|Any CPU
		{1fa10df2-d337-a21b-f2bf-cbdd8a492da6}.Debug|Any CPU.Build.0 = Debug|Any CPU
		{4dd58e8e-0c6e-e3f2-7a10-095182fd299b}.Debug|Any CPU.ActiveCfg = Debug|Any CPU
		{4dd58e8e-0c6e-e3f2-7a10-095182fd299b}.Debug|Any CPU.Build.0 = Debug|Any CPU
		{d0c11361-08e0-f75d-4629-75477344b603}.Debug|Any CPU.ActiveCfg = Debug|Any CPU
		{d0c11361-08e0-f75d-4629-75477344b603}.Debug|Any CPU.Build.0 = Debug|Any CPU
		{a9dfc34f-727e-f2d8-c32b-503f403a3971}.Debug|Any CPU.ActiveCfg = Debug|Any CPU
		{a9dfc34f-727e-f2d8-c32b-503f403a3971}.Debug|Any CPU.Build.0 = Debug|Any CPU
		{d26d43aa-a99c-b214-af36-5efe52e1715e}.Debug|Any CPU.ActiveCfg = Debug|Any CPU
		{d26d43aa-a99c-b214-af36-5efe52e1715e}.Debug|Any CPU.Build.0 = Debug|Any CPU
		{5f81bb12-26c2-ee9a-676a-b95e2929da6a}.Debug|Any CPU.ActiveCfg = Debug|Any CPU
		{5f81bb12-26c2-ee9a-676a-b95e2929da6a}.Debug|Any CPU.Build.0 = Debug|Any CPU
		{65f8f28a-2b55-c6dc-d1da-c273fb6ad49d}.Debug|Any CPU.ActiveCfg = Debug|Any CPU
		{65f8f28a-2b55-c6dc-d1da-c273fb6ad49d}.Debug|Any CPU.Build.0 = Debug|Any CPU
		{3b5d8ceb-1ad0-b506-dc99-1b8985c0bb61}.Debug|Any CPU.ActiveCfg = Debug|Any CPU
		{3b5d8ceb-1ad0-b506-dc99-1b8985c0bb61}.Debug|Any CPU.Build.0 = Debug|Any CPU
		{feb46fda-e7e4-34ee-add9-f78ee13bba17}.Debug|Any CPU.ActiveCfg = Debug|Any CPU
		{feb46fda-e7e4-34ee-add9-f78ee13bba17}.Debug|Any CPU.Build.0 = Debug|Any CPU
		{9562e7e9-799b-5c38-6d05-732f60cabf6c}.Debug|Any CPU.ActiveCfg = Debug|Any CPU
		{9562e7e9-799b-5c38-6d05-732f60cabf6c}.Debug|Any CPU.Build.0 = Debug|Any CPU
		{b8886310-c7f3-9ba6-563e-bd88907b6c5c}.Debug|Any CPU.ActiveCfg = Debug|Any CPU
		{b8886310-c7f3-9ba6-563e-bd88907b6c5c}.Debug|Any CPU.Build.0 = Debug|Any CPU
		{e211b7e7-9e28-9255-fb4b-26aa0031ac3a}.Debug|Any CPU.ActiveCfg = Debug|Any CPU
		{e211b7e7-9e28-9255-fb4b-26aa0031ac3a}.Debug|Any CPU.Build.0 = Debug|Any CPU
		{f6a224fe-c5bd-283b-ba12-fafb33b317dd}.Debug|Any CPU.ActiveCfg = Debug|Any CPU
		{f6a224fe-c5bd-283b-ba12-fafb33b317dd}.Debug|Any CPU.Build.0 = Debug|Any CPU
		{1bfed765-4a64-c168-056b-9e55d2e97108}.Debug|Any CPU.ActiveCfg = Debug|Any CPU
		{1bfed765-4a64-c168-056b-9e55d2e97108}.Debug|Any CPU.Build.0 = Debug|Any CPU
		{f1eca7c9-c5d5-4715-8798-d514b01df595}.Debug|Any CPU.ActiveCfg = Debug|Any CPU
		{f1eca7c9-c5d5-4715-8798-d514b01df595}.Debug|Any CPU.Build.0 = Debug|Any CPU
		{eaebcb33-ff3b-030b-d46f-d76470ff4fc5}.Debug|Any CPU.ActiveCfg = Debug|Any CPU
		{eaebcb33-ff3b-030b-d46f-d76470ff4fc5}.Debug|Any CPU.Build.0 = Debug|Any CPU
		{3e05d06c-63b0-e7ac-88ff-65a7033c668a}.Debug|Any CPU.ActiveCfg = Debug|Any CPU
		{3e05d06c-63b0-e7ac-88ff-65a7033c668a}.Debug|Any CPU.Build.0 = Debug|Any CPU
		{d68e4b0a-e8b8-8440-0b63-b10abeb5a200}.Debug|Any CPU.ActiveCfg = Debug|Any CPU
		{d68e4b0a-e8b8-8440-0b63-b10abeb5a200}.Debug|Any CPU.Build.0 = Debug|Any CPU
		{945478d6-a908-8b26-4862-fd6ff7d6d784}.Debug|Any CPU.ActiveCfg = Debug|Any CPU
		{945478d6-a908-8b26-4862-fd6ff7d6d784}.Debug|Any CPU.Build.0 = Debug|Any CPU
		{0b84fd00-ad36-6ea7-936e-f2668aa81d17}.Debug|Any CPU.ActiveCfg = Debug|Any CPU
		{0b84fd00-ad36-6ea7-936e-f2668aa81d17}.Debug|Any CPU.Build.0 = Debug|Any CPU
		{cee9eba2-bff3-5437-671c-45b47fc0f48d}.Debug|Any CPU.ActiveCfg = Debug|Any CPU
		{cee9eba2-bff3-5437-671c-45b47fc0f48d}.Debug|Any CPU.Build.0 = Debug|Any CPU
		{46c77269-4d58-9762-f8ef-4b117243eee6}.Debug|Any CPU.ActiveCfg = Debug|Any CPU
		{46c77269-4d58-9762-f8ef-4b117243eee6}.Debug|Any CPU.Build.0 = Debug|Any CPU
		{3f270540-2b70-5d33-05d1-3f0777f6c75a}.Debug|Any CPU.ActiveCfg = Debug|Any CPU
		{3f270540-2b70-5d33-05d1-3f0777f6c75a}.Debug|Any CPU.Build.0 = Debug|Any CPU
		{e409c6a8-fd78-c588-6fde-e4754481af99}.Debug|Any CPU.ActiveCfg = Debug|Any CPU
		{e409c6a8-fd78-c588-6fde-e4754481af99}.Debug|Any CPU.Build.0 = Debug|Any CPU
		{07491230-4e98-f973-a9d4-8dc78a7963ac}.Debug|Any CPU.ActiveCfg = Debug|Any CPU
		{07491230-4e98-f973-a9d4-8dc78a7963ac}.Debug|Any CPU.Build.0 = Debug|Any CPU
		{3b4ceaec-1156-2072-3767-c2072c46a492}.Debug|Any CPU.ActiveCfg = Debug|Any CPU
		{3b4ceaec-1156-2072-3767-c2072c46a492}.Debug|Any CPU.Build.0 = Debug|Any CPU
		{7f525fd6-3d71-4d21-bf0b-91d0e6eb0e79}.Debug|Any CPU.ActiveCfg = Debug|Any CPU
		{7f525fd6-3d71-4d21-bf0b-91d0e6eb0e79}.Debug|Any CPU.Build.0 = Debug|Any CPU
		{bf04e083-ec3e-d834-8c01-5e069a3fe0fc}.Debug|Any CPU.ActiveCfg = Debug|Any CPU
		{bf04e083-ec3e-d834-8c01-5e069a3fe0fc}.Debug|Any CPU.Build.0 = Debug|Any CPU
		{349bfa66-a865-a8d1-be90-6ae96a2a02d7}.Debug|Any CPU.ActiveCfg = Debug|Any CPU
		{349bfa66-a865-a8d1-be90-6ae96a2a02d7}.Debug|Any CPU.Build.0 = Debug|Any CPU
		{3e30017e-d4df-fa22-a53a-0f7287f5b9b6}.Debug|Any CPU.ActiveCfg = Debug|Any CPU
		{3e30017e-d4df-fa22-a53a-0f7287f5b9b6}.Debug|Any CPU.Build.0 = Debug|Any CPU
		{dafc686f-c46d-497c-3456-93af592cb0d6}.Debug|Any CPU.ActiveCfg = Debug|Any CPU
		{dafc686f-c46d-497c-3456-93af592cb0d6}.Debug|Any CPU.Build.0 = Debug|Any CPU
		{da6bf5db-fb91-af12-ab88-8a27c8812036}.Debug|Any CPU.ActiveCfg = Debug|Any CPU
		{da6bf5db-fb91-af12-ab88-8a27c8812036}.Debug|Any CPU.Build.0 = Debug|Any CPU
		{f9ee1f6e-4e9e-d9dd-2147-0212960c073c}.Debug|Any CPU.ActiveCfg = Debug|Any CPU
		{f9ee1f6e-4e9e-d9dd-2147-0212960c073c}.Debug|Any CPU.Build.0 = Debug|Any CPU
		{2cd347da-ff17-de86-9ec0-17486ec819c0}.Debug|Any CPU.ActiveCfg = Debug|Any CPU
		{2cd347da-ff17-de86-9ec0-17486ec819c0}.Debug|Any CPU.Build.0 = Debug|Any CPU
		{d8a59dfb-ab0b-a281-67c8-600e1af976bc}.Debug|Any CPU.ActiveCfg = Debug|Any CPU
		{d8a59dfb-ab0b-a281-67c8-600e1af976bc}.Debug|Any CPU.Build.0 = Debug|Any CPU
		{1837b489-f7dc-d3f5-96ce-1ec0fab8314b}.Debug|Any CPU.ActiveCfg = Debug|Any CPU
		{1837b489-f7dc-d3f5-96ce-1ec0fab8314b}.Debug|Any CPU.Build.0 = Debug|Any CPU
		{c661cb14-2593-ac56-3186-fd5bf632e3e5}.Debug|Any CPU.ActiveCfg = Debug|Any CPU
		{c661cb14-2593-ac56-3186-fd5bf632e3e5}.Debug|Any CPU.Build.0 = Debug|Any CPU
		{08261564-901c-8819-63ad-da652832ee34}.Debug|Any CPU.ActiveCfg = Debug|Any CPU
		{08261564-901c-8819-63ad-da652832ee34}.Debug|Any CPU.Build.0 = Debug|Any CPU
		{bf8a6f62-6046-caad-f266-8eda7ac4fab2}.Debug|Any CPU.ActiveCfg = Debug|Any CPU
		{bf8a6f62-6046-caad-f266-8eda7ac4fab2}.Debug|Any CPU.Build.0 = Debug|Any CPU
		{10bb4693-3cba-21df-3f55-41c27fe9f350}.Debug|Any CPU.ActiveCfg = Debug|Any CPU
		{10bb4693-3cba-21df-3f55-41c27fe9f350}.Debug|Any CPU.Build.0 = Debug|Any CPU
		{c821559f-6a1a-df8a-a23d-7005750c48ec}.Debug|Any CPU.ActiveCfg = Debug|Any CPU
		{c821559f-6a1a-df8a-a23d-7005750c48ec}.Debug|Any CPU.Build.0 = Debug|Any CPU
		{3b6cf19d-4a0e-c709-6a92-2afda21e059e}.Debug|Any CPU.ActiveCfg = Debug|Any CPU
		{3b6cf19d-4a0e-c709-6a92-2afda21e059e}.Debug|Any CPU.Build.0 = Debug|Any CPU
		{2a2d94dd-3c97-8ae7-4db7-b282b378ff1f}.Debug|Any CPU.ActiveCfg = Debug|Any CPU
		{2a2d94dd-3c97-8ae7-4db7-b282b378ff1f}.Debug|Any CPU.Build.0 = Debug|Any CPU
		{937c23d1-13af-c19f-b087-f98db5e06b8e}.Debug|Any CPU.ActiveCfg = Debug|Any CPU
		{937c23d1-13af-c19f-b087-f98db5e06b8e}.Debug|Any CPU.Build.0 = Debug|Any CPU
		{09d1a770-2050-8faa-9163-9b5b2d0fcdfb}.Debug|Any CPU.ActiveCfg = Debug|Any CPU
		{09d1a770-2050-8faa-9163-9b5b2d0fcdfb}.Debug|Any CPU.Build.0 = Debug|Any CPU
		{f1c1420a-036a-e627-8c87-005a98744cbc}.Debug|Any CPU.ActiveCfg = Debug|Any CPU
		{f1c1420a-036a-e627-8c87-005a98744cbc}.Debug|Any CPU.Build.0 = Debug|Any CPU
		{0980775e-7910-b7af-c2e4-1f6dac726fd7}.Debug|Any CPU.ActiveCfg = Debug|Any CPU
		{0980775e-7910-b7af-c2e4-1f6dac726fd7}.Debug|Any CPU.Build.0 = Debug|Any CPU
		{eb75e197-de69-08f4-7999-54858fc524ff}.Debug|Any CPU.ActiveCfg = Debug|Any CPU
		{eb75e197-de69-08f4-7999-54858fc524ff}.Debug|Any CPU.Build.0 = Debug|Any CPU
		{0314188c-6c27-0edd-fd38-d9c5296ad0a3}.Debug|Any CPU.ActiveCfg = Debug|Any CPU
		{0314188c-6c27-0edd-fd38-d9c5296ad0a3}.Debug|Any CPU.Build.0 = Debug|Any CPU
		{720ed8ec-2d51-0976-9893-4aada5cade00}.Debug|Any CPU.ActiveCfg = Debug|Any CPU
		{720ed8ec-2d51-0976-9893-4aada5cade00}.Debug|Any CPU.Build.0 = Debug|Any CPU
		{e56c0404-23e8-1d0b-b89e-e29f53f63cba}.Debug|Any CPU.ActiveCfg = Debug|Any CPU
		{e56c0404-23e8-1d0b-b89e-e29f53f63cba}.Debug|Any CPU.Build.0 = Debug|Any CPU
		{78452652-3d6d-a252-6742-a7a959e7215e}.Debug|Any CPU.ActiveCfg = Debug|Any CPU
		{78452652-3d6d-a252-6742-a7a959e7215e}.Debug|Any CPU.Build.0 = Debug|Any CPU
		{86c524e8-4510-92f6-6578-405dbc5d09ac}.Debug|Any CPU.ActiveCfg = Debug|Any CPU
		{86c524e8-4510-92f6-6578-405dbc5d09ac}.Debug|Any CPU.Build.0 = Debug|Any CPU
		{d05ce7f3-bea6-b06b-d629-d4b7a22a04c4}.Debug|Any CPU.ActiveCfg = Debug|Any CPU
		{d05ce7f3-bea6-b06b-d629-d4b7a22a04c4}.Debug|Any CPU.Build.0 = Debug|Any CPU
		{dd8e57e8-3177-d602-eb50-140d941fdb39}.Debug|Any CPU.ActiveCfg = Debug|Any CPU
		{dd8e57e8-3177-d602-eb50-140d941fdb39}.Debug|Any CPU.Build.0 = Debug|Any CPU
		{737b13ca-f14e-d732-781e-2f2396de3753}.Debug|Any CPU.ActiveCfg = Debug|Any CPU
		{737b13ca-f14e-d732-781e-2f2396de3753}.Debug|Any CPU.Build.0 = Debug|Any CPU
		{9e8789f5-2c48-8b17-6308-40d1cee7ce2e}.Debug|Any CPU.ActiveCfg = Debug|Any CPU
		{9e8789f5-2c48-8b17-6308-40d1cee7ce2e}.Debug|Any CPU.Build.0 = Debug|Any CPU
		{c75d7e98-63a2-9686-796d-d103294fcb64}.Debug|Any CPU.ActiveCfg = Debug|Any CPU
		{c75d7e98-63a2-9686-796d-d103294fcb64}.Debug|Any CPU.Build.0 = Debug|Any CPU
		{e3628408-fda1-c03d-008f-7a7acd1b94ce}.Debug|Any CPU.ActiveCfg = Debug|Any CPU
		{e3628408-fda1-c03d-008f-7a7acd1b94ce}.Debug|Any CPU.Build.0 = Debug|Any CPU
		{918cf626-c08d-560e-1e2b-830fb85e074f}.Debug|Any CPU.ActiveCfg = Debug|Any CPU
		{918cf626-c08d-560e-1e2b-830fb85e074f}.Debug|Any CPU.Build.0 = Debug|Any CPU
		{5c5149a9-1250-9edf-2669-a72ee0f9306e}.Debug|Any CPU.ActiveCfg = Debug|Any CPU
		{5c5149a9-1250-9edf-2669-a72ee0f9306e}.Debug|Any CPU.Build.0 = Debug|Any CPU
		{67abddd7-83d1-b234-91fd-6a8e8a7fd176}.Debug|Any CPU.ActiveCfg = Debug|Any CPU
		{67abddd7-83d1-b234-91fd-6a8e8a7fd176}.Debug|Any CPU.Build.0 = Debug|Any CPU
		{da0ac686-b512-f44b-2b2a-3040587fa1cf}.Debug|Any CPU.ActiveCfg = Debug|Any CPU
		{da0ac686-b512-f44b-2b2a-3040587fa1cf}.Debug|Any CPU.Build.0 = Debug|Any CPU
		{d8127534-6f6a-2495-f33b-507f38dba30a}.Debug|Any CPU.ActiveCfg = Debug|Any CPU
		{d8127534-6f6a-2495-f33b-507f38dba30a}.Debug|Any CPU.Build.0 = Debug|Any CPU
		{d343b6ea-7805-0b71-980c-3b92d93ac309}.Debug|Any CPU.ActiveCfg = Debug|Any CPU
		{d343b6ea-7805-0b71-980c-3b92d93ac309}.Debug|Any CPU.Build.0 = Debug|Any CPU
		{50e2fdf0-e82e-52f4-0217-82f064e42fcb}.Debug|Any CPU.ActiveCfg = Debug|Any CPU
		{50e2fdf0-e82e-52f4-0217-82f064e42fcb}.Debug|Any CPU.Build.0 = Debug|Any CPU
		{c4c388cd-720e-457c-4ba6-a65c2180f9b1}.Debug|Any CPU.ActiveCfg = Debug|Any CPU
		{c4c388cd-720e-457c-4ba6-a65c2180f9b1}.Debug|Any CPU.Build.0 = Debug|Any CPU
		{d1858840-34af-0cdd-991e-fe82dc859efa}.Debug|Any CPU.ActiveCfg = Debug|Any CPU
		{d1858840-34af-0cdd-991e-fe82dc859efa}.Debug|Any CPU.Build.0 = Debug|Any CPU
		{583aa5a6-353a-e6a3-50f3-3b9346745afb}.Debug|Any CPU.ActiveCfg = Debug|Any CPU
		{583aa5a6-353a-e6a3-50f3-3b9346745afb}.Debug|Any CPU.Build.0 = Debug|Any CPU
		{73427f19-7d2c-3799-e328-aaffde48f619}.Debug|Any CPU.ActiveCfg = Debug|Any CPU
		{73427f19-7d2c-3799-e328-aaffde48f619}.Debug|Any CPU.Build.0 = Debug|Any CPU
		{61c15d22-eeff-2d0c-1b5e-b1a4642ebd27}.Debug|Any CPU.ActiveCfg = Debug|Any CPU
		{61c15d22-eeff-2d0c-1b5e-b1a4642ebd27}.Debug|Any CPU.Build.0 = Debug|Any CPU
		{7c8fb658-afce-3fbb-c379-daa6d0852eee}.Debug|Any CPU.ActiveCfg = Debug|Any CPU
		{7c8fb658-afce-3fbb-c379-daa6d0852eee}.Debug|Any CPU.Build.0 = Debug|Any CPU
		{20719f5d-ee55-5743-beb2-0c9a159fdd0a}.Debug|Any CPU.ActiveCfg = Debug|Any CPU
		{20719f5d-ee55-5743-beb2-0c9a159fdd0a}.Debug|Any CPU.Build.0 = Debug|Any CPU
		{b1738d10-cd13-3bf0-f389-df3b9a1c7bf9}.Debug|Any CPU.ActiveCfg = Debug|Any CPU
		{b1738d10-cd13-3bf0-f389-df3b9a1c7bf9}.Debug|Any CPU.Build.0 = Debug|Any CPU
		{738476f7-9f5a-5cc8-5ad2-9c6fdad4b3eb}.Debug|Any CPU.ActiveCfg = Debug|Any CPU
		{738476f7-9f5a-5cc8-5ad2-9c6fdad4b3eb}.Debug|Any CPU.Build.0 = Debug|Any CPU
		{e1dbedbf-4c0a-3499-577e-69c74f3a5de4}.Debug|Any CPU.ActiveCfg = Debug|Any CPU
		{e1dbedbf-4c0a-3499-577e-69c74f3a5de4}.Debug|Any CPU.Build.0 = Debug|Any CPU
		{4836a393-0026-da5e-824a-15a83bfce90e}.Debug|Any CPU.ActiveCfg = Debug|Any CPU
		{4836a393-0026-da5e-824a-15a83bfce90e}.Debug|Any CPU.Build.0 = Debug|Any CPU
		{bceb2029-f760-e7b2-1fb2-447c0213cc3b}.Debug|Any CPU.ActiveCfg = Debug|Any CPU
		{bceb2029-f760-e7b2-1fb2-447c0213cc3b}.Debug|Any CPU.Build.0 = Debug|Any CPU
		{83e30e95-098c-ae77-e8cd-bbe926ac9a3a}.Debug|Any CPU.ActiveCfg = Debug|Any CPU
		{83e30e95-098c-ae77-e8cd-bbe926ac9a3a}.Debug|Any CPU.Build.0 = Debug|Any CPU
		{e9463735-b05e-51c8-ba5f-36291834c290}.Debug|Any CPU.ActiveCfg = Debug|Any CPU
		{e9463735-b05e-51c8-ba5f-36291834c290}.Debug|Any CPU.Build.0 = Debug|Any CPU
		{aa7e42d8-5efe-ad98-920a-a0846518be9e}.Debug|Any CPU.ActiveCfg = Debug|Any CPU
		{aa7e42d8-5efe-ad98-920a-a0846518be9e}.Debug|Any CPU.Build.0 = Debug|Any CPU
		{e4909d94-0523-966e-a774-25b26f551aa7}.Debug|Any CPU.ActiveCfg = Debug|Any CPU
		{e4909d94-0523-966e-a774-25b26f551aa7}.Debug|Any CPU.Build.0 = Debug|Any CPU
		{e34d0f8d-2f86-418b-f519-d02c7ddfa3c9}.Debug|Any CPU.ActiveCfg = Debug|Any CPU
		{e34d0f8d-2f86-418b-f519-d02c7ddfa3c9}.Debug|Any CPU.Build.0 = Debug|Any CPU
		{7b2ab481-2f01-013a-23d8-d46d0026683a}.Debug|Any CPU.ActiveCfg = Debug|Any CPU
		{7b2ab481-2f01-013a-23d8-d46d0026683a}.Debug|Any CPU.Build.0 = Debug|Any CPU
		{ea4350fe-2192-c057-2298-6a44f9940fb8}.Debug|Any CPU.ActiveCfg = Debug|Any CPU
		{ea4350fe-2192-c057-2298-6a44f9940fb8}.Debug|Any CPU.Build.0 = Debug|Any CPU
		{133c6e4e-ac05-5f10-4ab6-67c39584b435}.Debug|Any CPU.ActiveCfg = Debug|Any CPU
		{133c6e4e-ac05-5f10-4ab6-67c39584b435}.Debug|Any CPU.Build.0 = Debug|Any CPU
		{205210c4-26c7-c32c-f1be-0b21c0449392}.Debug|Any CPU.ActiveCfg = Debug|Any CPU
		{205210c4-26c7-c32c-f1be-0b21c0449392}.Debug|Any CPU.Build.0 = Debug|Any CPU
		{c6de22d5-551e-2d3e-8d72-6f992cf09d67}.Debug|Any CPU.ActiveCfg = Debug|Any CPU
		{c6de22d5-551e-2d3e-8d72-6f992cf09d67}.Debug|Any CPU.Build.0 = Debug|Any CPU
		{2af7ba71-72e3-a7d3-133f-762b6ca395b6}.Debug|Any CPU.ActiveCfg = Debug|Any CPU
		{2af7ba71-72e3-a7d3-133f-762b6ca395b6}.Debug|Any CPU.Build.0 = Debug|Any CPU
		{005f62db-ccc5-574a-640c-61ee98f5434b}.Debug|Any CPU.ActiveCfg = Debug|Any CPU
		{005f62db-ccc5-574a-640c-61ee98f5434b}.Debug|Any CPU.Build.0 = Debug|Any CPU
		{e19abbf4-a952-716f-4bd0-53a309571dd7}.Debug|Any CPU.ActiveCfg = Debug|Any CPU
		{e19abbf4-a952-716f-4bd0-53a309571dd7}.Debug|Any CPU.Build.0 = Debug|Any CPU
		{b16bd743-5741-ae6f-a316-b1bce5e57c97}.Debug|Any CPU.ActiveCfg = Debug|Any CPU
		{b16bd743-5741-ae6f-a316-b1bce5e57c97}.Debug|Any CPU.Build.0 = Debug|Any CPU
		{b0a0323f-7320-4add-f6c9-5af23bbf9a2c}.Debug|Any CPU.ActiveCfg = Debug|Any CPU
		{b0a0323f-7320-4add-f6c9-5af23bbf9a2c}.Debug|Any CPU.Build.0 = Debug|Any CPU
		{2e62c8af-3872-98a2-1014-24ec22570cd2}.Debug|Any CPU.ActiveCfg = Debug|Any CPU
		{2e62c8af-3872-98a2-1014-24ec22570cd2}.Debug|Any CPU.Build.0 = Debug|Any CPU
		{2ac2af93-ec0a-4160-696b-0af2ecf3e693}.Debug|Any CPU.ActiveCfg = Debug|Any CPU
		{2ac2af93-ec0a-4160-696b-0af2ecf3e693}.Debug|Any CPU.Build.0 = Debug|Any CPU
		{1dbf5cc7-1a96-73e3-107f-1903a2a5396e}.Debug|Any CPU.ActiveCfg = Debug|Any CPU
		{1dbf5cc7-1a96-73e3-107f-1903a2a5396e}.Debug|Any CPU.Build.0 = Debug|Any CPU
	EndGlobalSection
	GlobalSection(SolutionProperties) = preSolution
		HideSolutionNode = FALSE
	EndGlobalSection
EndGlobal
